{
  "name": "@afforai/citation-js-cli",
  "version": "0.7.17",
  "lockfileVersion": 3,
  "requires": true,
  "packages": {
    "": {
      "name": "@afforai/citation-js-cli",
      "version": "0.7.17",
      "license": "MIT",
      "dependencies": {
        "@afforai/citation-js-core": "^0.7.16",
        "@afforai/citation-js-plugin-bibjson": "^0.7.16",
        "@afforai/citation-js-plugin-bibtex": "^0.7.16",
        "@afforai/citation-js-plugin-csl": "^0.7.16",
        "@afforai/citation-js-plugin-doi": "^0.7.16",
        "@afforai/citation-js-plugin-ris": "^0.7.16",
        "@afforai/citation-js-plugin-wikidata": "^0.7.16",
        "commander": "^11.0.0"
      },
      "bin": {
        "citation-js": "lib/index.js"
      },
      "engines": {
        "node": ">=16.0.0"
      }
    },
    "../core": {
      "name": "@afforai/citation-js-core",
      "version": "0.7.17",
      "license": "MIT",
      "peer": true,
      "dependencies": {
        "@citation-js/date": "^0.5.0",
        "@citation-js/name": "^0.4.2",
        "fetch-ponyfill": "^7.1.0",
        "sync-fetch": "^0.4.1"
      },
      "engines": {
        "node": ">=16.0.0"
      }
    },
    "../core/node_modules/@citation-js/date": {
      "version": "0.5.1",
      "license": "MIT",
      "peer": true,
      "engines": {
        "node": ">=10.0.0"
      }
    },
    "../core/node_modules/@citation-js/name": {
      "version": "0.4.2",
      "license": "MIT",
      "peer": true,
      "engines": {
        "node": ">=6"
      }
    },
    "../core/node_modules/base64-js": {
      "version": "1.5.1",
      "funding": [
        {
          "type": "github",
          "url": "https://github.com/sponsors/feross"
        },
        {
          "type": "patreon",
          "url": "https://www.patreon.com/feross"
        },
        {
          "type": "consulting",
          "url": "https://feross.org/support"
        }
      ],
      "license": "MIT",
      "peer": true
    },
    "../core/node_modules/buffer": {
      "version": "5.7.1",
      "funding": [
        {
          "type": "github",
          "url": "https://github.com/sponsors/feross"
        },
        {
          "type": "patreon",
          "url": "https://www.patreon.com/feross"
        },
        {
          "type": "consulting",
          "url": "https://feross.org/support"
        }
      ],
      "license": "MIT",
      "peer": true,
      "dependencies": {
        "base64-js": "^1.3.1",
        "ieee754": "^1.1.13"
      }
    },
    "../core/node_modules/fetch-ponyfill": {
      "version": "7.1.0",
      "license": "MIT",
      "peer": true,
      "dependencies": {
        "node-fetch": "~2.6.1"
      }
    },
    "../core/node_modules/ieee754": {
      "version": "1.2.1",
      "funding": [
        {
          "type": "github",
          "url": "https://github.com/sponsors/feross"
        },
        {
          "type": "patreon",
          "url": "https://www.patreon.com/feross"
        },
        {
          "type": "consulting",
          "url": "https://feross.org/support"
        }
      ],
      "license": "BSD-3-Clause",
      "peer": true
    },
    "../core/node_modules/node-fetch": {
      "version": "2.6.7",
      "license": "MIT",
      "peer": true,
      "dependencies": {
        "whatwg-url": "^5.0.0"
      },
      "engines": {
        "node": "4.x || >=6.0.0"
      },
      "peerDependencies": {
        "encoding": "^0.1.0"
      },
      "peerDependenciesMeta": {
        "encoding": {
          "optional": true
        }
      }
    },
    "../core/node_modules/sync-fetch": {
      "version": "0.4.5",
      "license": "MIT",
      "peer": true,
      "dependencies": {
        "buffer": "^5.7.1",
        "node-fetch": "^2.6.1"
      },
      "engines": {
        "node": ">=14"
      }
    },
    "../core/node_modules/tr46": {
      "version": "0.0.3",
      "license": "MIT",
      "peer": true
    },
    "../core/node_modules/webidl-conversions": {
      "version": "3.0.1",
      "license": "BSD-2-Clause",
      "peer": true
    },
    "../core/node_modules/whatwg-url": {
      "version": "5.0.0",
      "license": "MIT",
      "peer": true,
      "dependencies": {
        "tr46": "~0.0.3",
        "webidl-conversions": "^3.0.0"
      }
    },
    "node_modules/@afforai/citation-js-core": {
      "version": "0.7.17",
      "license": "MIT",
      "dependencies": {
        "@citation-js/date": "^0.5.0",
        "@citation-js/name": "^0.4.2",
        "fetch-ponyfill": "^7.1.0",
        "sync-fetch": "^0.4.1"
      },
      "engines": {
        "node": ">=16.0.0"
      }
    },
    "node_modules/@afforai/citation-js-plugin-bibjson": {
      "version": "0.7.17",
      "license": "MIT",
      "dependencies": {
        "@citation-js/date": "^0.5.0",
        "@citation-js/name": "^0.4.2"
      },
      "engines": {
        "node": ">=16.0.0"
      },
      "peerDependencies": {
        "@citation-js/core": "^0.7.0"
      }
    },
    "node_modules/@afforai/citation-js-plugin-bibtex": {
      "version": "0.7.17",
      "license": "MIT",
      "dependencies": {
        "@citation-js/date": "^0.5.0",
        "@citation-js/name": "^0.4.2",
        "moo": "^0.5.1"
      },
      "engines": {
        "node": ">=16.0.0"
      },
      "peerDependencies": {
        "@citation-js/core": "^0.7.0"
      }
    },
    "node_modules/@afforai/citation-js-plugin-csl": {
      "version": "0.7.17",
      "license": "MIT",
      "dependencies": {
        "@citation-js/date": "^0.5.0",
        "citeproc": "^2.4.6"
      },
      "engines": {
        "node": ">=16.0.0"
      },
      "peerDependencies": {
        "@citation-js/core": "^0.7.0"
      }
    },
    "node_modules/@afforai/citation-js-plugin-doi": {
      "version": "0.7.17",
      "license": "MIT",
      "dependencies": {
        "@citation-js/date": "^0.5.0"
      },
      "engines": {
        "node": ">=16.0.0"
      },
      "peerDependencies": {
        "@citation-js/core": "^0.7.0"
      }
    },
    "node_modules/@afforai/citation-js-plugin-ris": {
      "version": "0.7.17",
      "license": "MIT",
      "dependencies": {
        "@citation-js/date": "^0.5.0",
        "@citation-js/name": "^0.4.2"
      },
      "engines": {
        "node": ">=16.0.0"
      },
      "peerDependencies": {
        "@citation-js/core": "^0.7.0"
      }
    },
    "node_modules/@afforai/citation-js-plugin-wikidata": {
      "version": "0.7.17",
      "license": "MIT",
      "dependencies": {
        "@citation-js/date": "^0.5.0",
        "@citation-js/name": "^0.4.2",
        "wikidata-sdk": "^8.0.0"
      },
      "engines": {
        "node": ">=16.0.0"
      },
      "peerDependencies": {
        "@citation-js/core": "^0.7.0"
      }
    },
    "node_modules/@citation-js/core": {
      "resolved": "../core",
      "link": true
    },
    "node_modules/@citation-js/date": {
      "version": "0.5.1",
      "license": "MIT",
      "engines": {
        "node": ">=10.0.0"
      }
    },
    "node_modules/@citation-js/name": {
      "version": "0.4.2",
      "license": "MIT",
      "engines": {
        "node": ">=6"
      }
    },
    "node_modules/base64-js": {
      "version": "1.5.1",
      "funding": [
        {
          "type": "github",
          "url": "https://github.com/sponsors/feross"
        },
        {
          "type": "patreon",
          "url": "https://www.patreon.com/feross"
        },
        {
          "type": "consulting",
          "url": "https://feross.org/support"
        }
      ],
      "license": "MIT"
    },
    "node_modules/buffer": {
      "version": "5.7.1",
      "funding": [
        {
          "type": "github",
          "url": "https://github.com/sponsors/feross"
        },
        {
          "type": "patreon",
          "url": "https://www.patreon.com/feross"
        },
        {
          "type": "consulting",
          "url": "https://feross.org/support"
        }
      ],
      "license": "MIT",
      "dependencies": {
        "base64-js": "^1.3.1",
        "ieee754": "^1.1.13"
      }
    },
    "node_modules/citeproc": {
      "version": "2.4.63",
      "license": "CPAL-1.0 OR AGPL-1.0"
    },
    "node_modules/commander": {
      "version": "11.1.0",
      "license": "MIT",
      "engines": {
        "node": ">=16"
      }
    },
    "node_modules/fetch-ponyfill": {
      "version": "7.1.0",
      "license": "MIT",
      "dependencies": {
        "node-fetch": "~2.6.1"
      }
    },
    "node_modules/ieee754": {
      "version": "1.2.1",
      "funding": [
        {
          "type": "github",
          "url": "https://github.com/sponsors/feross"
        },
        {
          "type": "patreon",
          "url": "https://www.patreon.com/feross"
        },
        {
          "type": "consulting",
          "url": "https://feross.org/support"
        }
      ],
      "license": "BSD-3-Clause"
    },
    "node_modules/moo": {
      "version": "0.5.2",
      "license": "BSD-3-Clause"
    },
    "node_modules/node-fetch": {
      "version": "2.6.13",
      "license": "MIT",
      "dependencies": {
        "whatwg-url": "^5.0.0"
      },
      "engines": {
        "node": "4.x || >=6.0.0"
      },
      "peerDependencies": {
        "encoding": "^0.1.0"
      },
      "peerDependenciesMeta": {
        "encoding": {
          "optional": true
        }
      }
    },
    "node_modules/sync-fetch": {
      "version": "0.4.5",
      "license": "MIT",
      "dependencies": {
        "buffer": "^5.7.1",
        "node-fetch": "^2.6.1"
      },
      "engines": {
        "node": ">=14"
      }
    },
    "node_modules/tr46": {
      "version": "0.0.3",
      "license": "MIT"
    },
    "node_modules/webidl-conversions": {
      "version": "3.0.1",
      "license": "BSD-2-Clause"
    },
    "node_modules/whatwg-url": {
      "version": "5.0.0",
      "license": "MIT",
      "dependencies": {
        "tr46": "~0.0.3",
        "webidl-conversions": "^3.0.0"
      }
    },
    "node_modules/wikibase-sdk": {
      "version": "8.1.1",
      "license": "MIT",
      "engines": {
        "node": ">= 10.0.0"
      }
    },
    "node_modules/wikidata-sdk": {
      "version": "8.1.1",
      "license": "MIT",
      "dependencies": {
        "wikibase-sdk": "^8.1.1"
      },
      "engines": {
        "node": ">= 6.4"
      }
    }
  }
}
